// !$*UTF8*$!
{
	archiveVersion = 1;
	classes = {
	};
	objectVersion = 46;
	objects = {

/* Begin PBXBuildFile section */
		8FC2CF941BE9491C00C380AA /* AppDelegate.swift in Sources */ = {isa = PBXBuildFile; fileRef = 8FC2CF931BE9491C00C380AA /* AppDelegate.swift */; };
		8FC2CF961BE9491C00C380AA /* ViewController.swift in Sources */ = {isa = PBXBuildFile; fileRef = 8FC2CF951BE9491C00C380AA /* ViewController.swift */; };
		8FC2CF991BE9491C00C380AA /* Main.storyboard in Resources */ = {isa = PBXBuildFile; fileRef = 8FC2CF971BE9491C00C380AA /* Main.storyboard */; };
		8FC2CF9C1BE9491C00C380AA /* WhereIveBeen.xcdatamodeld in Sources */ = {isa = PBXBuildFile; fileRef = 8FC2CF9A1BE9491C00C380AA /* WhereIveBeen.xcdatamodeld */; };
		8FC2CF9E1BE9491C00C380AA /* Assets.xcassets in Resources */ = {isa = PBXBuildFile; fileRef = 8FC2CF9D1BE9491C00C380AA /* Assets.xcassets */; };
		8FC2CFA11BE9491C00C380AA /* LaunchScreen.storyboard in Resources */ = {isa = PBXBuildFile; fileRef = 8FC2CF9F1BE9491C00C380AA /* LaunchScreen.storyboard */; };
/* End PBXBuildFile section */

/* Begin PBXFileReference section */
		8FC2CF901BE9491C00C380AA /* WhereIveBeen.app */ = {isa = PBXFileReference; explicitFileType = wrapper.application; includeInIndex = 0; path = WhereIveBeen.app; sourceTree = BUILT_PRODUCTS_DIR; };
		8FC2CF931BE9491C00C380AA /* AppDelegate.swift */ = {isa = PBXFileReference; lastKnownFileType = sourcecode.swift; path = AppDelegate.swift; sourceTree = "<group>"; };
		8FC2CF951BE9491C00C380AA /* ViewController.swift */ = {isa = PBXFileReference; lastKnownFileType = sourcecode.swift; path = ViewController.swift; sourceTree = "<group>"; };
		8FC2CF981BE9491C00C380AA /* Base */ = {isa = PBXFileReference; lastKnownFileType = file.storyboard; name = Base; path = Base.lproj/Main.storyboard; sourceTree = "<group>"; };
		8FC2CF9B1BE9491C00C380AA /* WhereIveBeen.xcdatamodel */ = {isa = PBXFileReference; lastKnownFileType = wrapper.xcdatamodel; path = WhereIveBeen.xcdatamodel; sourceTree = "<group>"; };
		8FC2CF9D1BE9491C00C380AA /* Assets.xcassets */ = {isa = PBXFileReference; lastKnownFileType = folder.assetcatalog; path = Assets.xcassets; sourceTree = "<group>"; };
		8FC2CFA01BE9491C00C380AA /* Base */ = {isa = PBXFileReference; lastKnownFileType = file.storyboard; name = Base; path = Base.lproj/LaunchScreen.storyboard; sourceTree = "<group>"; };
		8FC2CFA21BE9491C00C380AA /* Info.plist */ = {isa = PBXFileReference; lastKnownFileType = text.plist.xml; path = Info.plist; sourceTree = "<group>"; };
/* End PBXFileReference section */

/* Begin PBXFrameworksBuildPhase section */
		8FC2CF8D1BE9491C00C380AA /* Frameworks */ = {
			isa = PBXFrameworksBuildPhase;
			buildActionMask = 2147483647;
			files = (
			);
			runOnlyForDeploymentPostprocessing = 0;
		};
/* End PBXFrameworksBuildPhase section */

/* Begin PBXGroup section */
		8FC2CF871BE9491C00C380AA = {
			isa = PBXGroup;
			children = (
				8FC2CF921BE9491C00C380AA /* WhereIveBeen */,
				8FC2CF911BE9491C00C380AA /* Products */,
			);
			sourceTree = "<group>";
		};
		8FC2CF911BE9491C00C380AA /* Products */ = {
			isa = PBXGroup;
			children = (
				8FC2CF901BE9491C00C380AA /* WhereIveBeen.app */,
			);
			name = Products;
			sourceTree = "<group>";
		};
		8FC2CF921BE9491C00C380AA /* WhereIveBeen */ = {
			isa = PBXGroup;
			children = (
				8FC2CF931BE9491C00C380AA /* AppDelegate.swift */,
				8FC2CF951BE9491C00C380AA /* ViewController.swift */,
				8FC2CF971BE9491C00C380AA /* Main.storyboard */,
				8FC2CF9D1BE9491C00C380AA /* Assets.xcassets */,
				8FC2CF9F1BE9491C00C380AA /* LaunchScreen.storyboard */,
				8FC2CFA21BE9491C00C380AA /* Info.plist */,
				8FC2CF9A1BE9491C00C380AA /* WhereIveBeen.xcdatamodeld */,
			);
			path = WhereIveBeen;
			sourceTree = "<group>";
		};
/* End PBXGroup section */

/* Begin PBXNativeTarget section */
		8FC2CF8F1BE9491C00C380AA /* WhereIveBeen */ = {
			isa = PBXNativeTarget;
			buildConfigurationList = 8FC2CFA51BE9491C00C380AA /* Build configuration list for PBXNativeTarget "WhereIveBeen" */;
			buildPhases = (
				8FC2CF8C1BE9491C00C380AA /* Sources */,
				8FC2CF8D1BE9491C00C380AA /* Frameworks */,
				8FC2CF8E1BE9491C00C380AA /* Resources */,
			);
			buildRules = (
			);
			dependencies = (
			);
			name = WhereIveBeen;
			productName = WhereIveBeen;
			productReference = 8FC2CF901BE9491C00C380AA /* WhereIveBeen.app */;
			productType = "com.apple.product-type.application";
		};
/* End PBXNativeTarget section */

/* Begin PBXProject section */
		8FC2CF881BE9491C00C380AA /* Project object */ = {
			isa = PBXProject;
			attributes = {
				LastSwiftUpdateCheck = 0710;
				LastUpgradeCheck = 0710;
				ORGANIZATIONNAME = "Mike Pitre";
				TargetAttributes = {
					8FC2CF8F1BE9491C00C380AA = {
						CreatedOnToolsVersion = 7.1;
						DevelopmentTeam = RFXBTPH739;
					};
				};
			};
			buildConfigurationList = 8FC2CF8B1BE9491C00C380AA /* Build configuration list for PBXProject "WhereIveBeen" */;
			compatibilityVersion = "Xcode 3.2";
			developmentRegion = English;
			hasScannedForEncodings = 0;
			knownRegions = (
				en,
				Base,
			);
			mainGroup = 8FC2CF871BE9491C00C380AA;
			productRefGroup = 8FC2CF911BE9491C00C380AA /* Products */;
			projectDirPath = "";
			projectRoot = "";
			targets = (
				8FC2CF8F1BE9491C00C380AA /* WhereIveBeen */,
			);
		};
/* End PBXProject section */

/* Begin PBXResourcesBuildPhase section */
		8FC2CF8E1BE9491C00C380AA /* Resources */ = {
			isa = PBXResourcesBuildPhase;
			buildActionMask = 2147483647;
			files = (
				8FC2CFA11BE9491C00C380AA /* LaunchScreen.storyboard in Resources */,
				8FC2CF9E1BE9491C00C380AA /* Assets.xcassets in Resources */,
				8FC2CF991BE9491C00C380AA /* Main.storyboard in Resources */,
			);
			runOnlyForDeploymentPostprocessing = 0;
		};
/* End PBXResourcesBuildPhase section */

/* Begin PBXSourcesBuildPhase section */
		8FC2CF8C1BE9491C00C380AA /* Sources */ = {
			isa = PBXSourcesBuildPhase;
			buildActionMask = 2147483647;
			files = (
				8FC2CF961BE9491C00C380AA /* ViewController.swift in Sources */,
				8FC2CF941BE9491C00C380AA /* AppDelegate.swift in Sources */,
				8FC2CF9C1BE9491C00C380AA /* WhereIveBeen.xcdatamodeld in Sources */,
			);
			runOnlyForDeploymentPostprocessing = 0;
		};
/* End PBXSourcesBuildPhase section */

/* Begin PBXVariantGroup section */
		8FC2CF971BE9491C00C380AA /* Main.storyboard */ = {
			isa = PBXVariantGroup;
			children = (
				8FC2CF981BE9491C00C380AA /* Base */,
			);
			name = Main.storyboard;
			sourceTree = "<group>";
		};
		8FC2CF9F1BE9491C00C380AA /* LaunchScreen.storyboard */ = {
			isa = PBXVariantGroup;
			children = (
				8FC2CFA01BE9491C00C380AA /* Base */,
			);
			name = LaunchScreen.storyboard;
			sourceTree = "<group>";
		};
/* End PBXVariantGroup section */

/* Begin XCBuildConfiguration section */
		8FC2CFA31BE9491C00C380AA /* Debug */ = {
			isa = XCBuildConfiguration;
			buildSettings = {
				ALWAYS_SEARCH_USER_PATHS = NO;
				CLANG_CXX_LANGUAGE_STANDARD = "gnu++0x";
				CLANG_CXX_LIBRARY = "libc++";
				CLANG_ENABLE_MODULES = YES;
				CLANG_ENABLE_OBJC_ARC = YES;
				CLANG_WARN_BOOL_CONVERSION = YES;
				CLANG_WARN_CONSTANT_CONVERSION = YES;
				CLANG_WARN_DIRECT_OBJC_ISA_USAGE = YES_ERROR;
				CLANG_WARN_EMPTY_BODY = YES;
				CLANG_WARN_ENUM_CONVERSION = YES;
				CLANG_WARN_INT_CONVERSION = YES;
				CLANG_WARN_OBJC_ROOT_CLASS = YES_ERROR;
				CLANG_WARN_UNREACHABLE_CODE = YES;
				CLANG_WARN__DUPLICATE_METHOD_MATCH = YES;
				"CODE_SIGN_IDENTITY[sdk=iphoneos*]" = "iPhone Developer";
				COPY_PHASE_STRIP = NO;
				DEBUG_INFORMATION_FORMAT = dwarf;
				ENABLE_STRICT_OBJC_MSGSEND = YES;
				ENABLE_TESTABILITY = YES;
				GCC_C_LANGUAGE_STANDARD = gnu99;
				GCC_DYNAMIC_NO_PIC = NO;
				GCC_NO_COMMON_BLOCKS = YES;
				GCC_OPTIMIZATION_LEVEL = 0;
				GCC_PREPROCESSOR_DEFINITIONS = (
					"DEBUG=1",
					"$(inherited)",
				);
				GCC_WARN_64_TO_32_BIT_CONVERSION = YES;
				GCC_WARN_ABOUT_RETURN_TYPE = YES_ERROR;
				GCC_WARN_UNDECLARED_SELECTOR = YES;
				GCC_WARN_UNINITIALIZED_AUTOS = YES_AGGRESSIVE;
				GCC_WARN_UNUSED_FUNCTION = YES;
				GCC_WARN_UNUSED_VARIABLE = YES;
				IPHONEOS_DEPLOYMENT_TARGET = 9.1;
				MTL_ENABLE_DEBUG_INFO = YES;
				ONLY_ACTIVE_ARCH = YES;
				SDKROOT = iphoneos;
				SWIFT_OPTIMIZATION_LEVEL = "-Onone";
				TARGETED_DEVICE_FAMILY = "1,2";
			};
			name = Debug;
		};
		8FC2CFA41BE9491C00C380AA /* Release */ = {
			isa = XCBuildConfiguration;
			buildSettings = {
				ALWAYS_SEARCH_USER_PATHS = NO;
				CLANG_CXX_LANGUAGE_STANDARD = "gnu++0x";
				CLANG_CXX_LIBRARY = "libc++";
				CLANG_ENABLE_MODULES = YES;
				CLANG_ENABLE_OBJC_ARC = YES;
				CLANG_WARN_BOOL_CONVERSION = YES;
				CLANG_WARN_CONSTANT_CONVERSION = YES;
				CLANG_WARN_DIRECT_OBJC_ISA_USAGE = YES_ERROR;
				CLANG_WARN_EMPTY_BODY = YES;
				CLANG_WARN_ENUM_CONVERSION = YES;
				CLANG_WARN_INT_CONVERSION = YES;
				CLANG_WARN_OBJC_ROOT_CLASS = YES_ERROR;
				CLANG_WARN_UNREACHABLE_CODE = YES;
				CLANG_WARN__DUPLICATE_METHOD_MATCH = YES;
				"CODE_SIGN_IDENTITY[sdk=iphoneos*]" = "iPhone Developer";
				COPY_PHASE_STRIP = NO;
				DEBUG_INFORMATION_FORMAT = "dwarf-with-dsym";
				ENABLE_NS_ASSERTIONS = NO;
				ENABLE_STRICT_OBJC_MSGSEND = YES;
				GCC_C_LANGUAGE_STANDARD = gnu99;
				GCC_NO_COMMON_BLOCKS = YES;
				GCC_WARN_64_TO_32_BIT_CONVERSION = YES;
				GCC_WARN_ABOUT_RETURN_TYPE = YES_ERROR;
				GCC_WARN_UNDECLARED_SELECTOR = YES;
				GCC_WARN_UNINITIALIZED_AUTOS = YES_AGGRESSIVE;
				GCC_WARN_UNUSED_FUNCTION = YES;
				GCC_WARN_UNUSED_VARIABLE = YES;
				IPHONEOS_DEPLOYMENT_TARGET = 9.1;
				MTL_ENABLE_DEBUG_INFO = NO;
				SDKROOT = iphoneos;
				TARGETED_DEVICE_FAMILY = "1,2";
				VALIDATE_PRODUCT = YES;
			};
			name = Release;
		};
		8FC2CFA61BE9491C00C380AA /* Debug */ = {
			isa = XCBuildConfiguration;
			buildSettings = {
				ASSETCATALOG_COMPILER_APPICON_NAME = AppIcon;
				INFOPLIST_FILE = WhereIveBeen/Info.plist;
				LD_RUNPATH_SEARCH_PATHS = "$(inherited) @executable_path/Frameworks";
				PRODUCT_BUNDLE_IDENTIFIER = me.mikepitre.WhereIveBeen;
				PRODUCT_NAME = "$(TARGET_NAME)";
			};
			name = Debug;
		};
		8FC2CFA71BE9491C00C380AA /* Release */ = {
			isa = XCBuildConfiguration;
			buildSettings = {
				ASSETCATALOG_COMPILER_APPICON_NAME = AppIcon;
				INFOPLIST_FILE = WhereIveBeen/Info.plist;
				LD_RUNPATH_SEARCH_PATHS = "$(inherited) @executable_path/Frameworks";
				PRODUCT_BUNDLE_IDENTIFIER = me.mikepitre.WhereIveBeen;
				PRODUCT_NAME = "$(TARGET_NAME)";
			};
			name = Release;
		};
/* End XCBuildConfiguration section */

/* Begin XCConfigurationList section */
		8FC2CF8B1BE9491C00C380AA /* Build configuration list for PBXProject "WhereIveBeen" */ = {
			isa = XCConfigurationList;
			buildConfigurations = (
				8FC2CFA31BE9491C00C380AA /* Debug */,
				8FC2CFA41BE9491C00C380AA /* Release */,
			);
			defaultConfigurationIsVisible = 0;
			defaultConfigurationName = Release;
		};
		8FC2CFA51BE9491C00C380AA /* Build configuration list for PBXNativeTarget "WhereIveBeen" */ = {
			isa = XCConfigurationList;
			buildConfigurations = (
				8FC2CFA61BE9491C00C380AA /* Debug */,
				8FC2CFA71BE9491C00C380AA /* Release */,
			);
			defaultConfigurationIsVisible = 0;
		};
/* End XCConfigurationList section */

/* Begin XCVersionGroup section */
		8FC2CF9A1BE9491C00C380AA /* WhereIveBeen.xcdatamodeld */ = {
			isa = XCVersionGroup;
			children = (
				8FC2CF9B1BE9491C00C380AA /* WhereIveBeen.xcdatamodel */,
			);
			currentVersion = 8FC2CF9B1BE9491C00C380AA /* WhereIveBeen.xcdatamodel */;
			path = WhereIveBeen.xcdatamodeld;
			sourceTree = "<group>";
			versionGroupType = wrapper.xcdatamodel;
		};
/* End XCVersionGroup section */
	};
	rootObject = 8FC2CF881BE9491C00C380AA /* Project object */;
}
